// !$*UTF8*$!
{
	archiveVersion = 1;
	classes = {
	};
	objectVersion = 46;
	objects = {

/* Begin PBXBuildFile section */
		273C9AEC1EC9C61400BEF14C /* AppDelegate.swift in Sources */ = {isa = PBXBuildFile; fileRef = 273C9AEB1EC9C61400BEF14C /* AppDelegate.swift */; };
		273C9AEE1EC9C61400BEF14C /* ViewController.swift in Sources */ = {isa = PBXBuildFile; fileRef = 273C9AED1EC9C61400BEF14C /* ViewController.swift */; };
		273C9AF11EC9C61400BEF14C /* Main.storyboard in Resources */ = {isa = PBXBuildFile; fileRef = 273C9AEF1EC9C61400BEF14C /* Main.storyboard */; };
		273C9AF31EC9C61400BEF14C /* Assets.xcassets in Resources */ = {isa = PBXBuildFile; fileRef = 273C9AF21EC9C61400BEF14C /* Assets.xcassets */; };
		273C9AF61EC9C61400BEF14C /* LaunchScreen.storyboard in Resources */ = {isa = PBXBuildFile; fileRef = 273C9AF41EC9C61400BEF14C /* LaunchScreen.storyboard */; };
/* End PBXBuildFile section */

/* Begin PBXFileReference section */
		273C9AE81EC9C61400BEF14C /* SearchGithubUserInfo.app */ = {isa = PBXFileReference; explicitFileType = wrapper.application; includeInIndex = 0; path = SearchGithubUserInfo.app; sourceTree = BUILT_PRODUCTS_DIR; };
		273C9AEB1EC9C61400BEF14C /* AppDelegate.swift */ = {isa = PBXFileReference; lastKnownFileType = sourcecode.swift; path = AppDelegate.swift; sourceTree = "<group>"; };
		273C9AED1EC9C61400BEF14C /* ViewController.swift */ = {isa = PBXFileReference; lastKnownFileType = sourcecode.swift; path = ViewController.swift; sourceTree = "<group>"; };
		273C9AF01EC9C61400BEF14C /* Base */ = {isa = PBXFileReference; lastKnownFileType = file.storyboard; name = Base; path = Base.lproj/Main.storyboard; sourceTree = "<group>"; };
		273C9AF21EC9C61400BEF14C /* Assets.xcassets */ = {isa = PBXFileReference; lastKnownFileType = folder.assetcatalog; path = Assets.xcassets; sourceTree = "<group>"; };
		273C9AF51EC9C61400BEF14C /* Base */ = {isa = PBXFileReference; lastKnownFileType = file.storyboard; name = Base; path = Base.lproj/LaunchScreen.storyboard; sourceTree = "<group>"; };
		273C9AF71EC9C61400BEF14C /* Info.plist */ = {isa = PBXFileReference; lastKnownFileType = text.plist.xml; path = Info.plist; sourceTree = "<group>"; };
/* End PBXFileReference section */

/* Begin PBXFrameworksBuildPhase section */
		273C9AE51EC9C61400BEF14C /* Frameworks */ = {
			isa = PBXFrameworksBuildPhase;
			buildActionMask = 2147483647;
			files = (
			);
			runOnlyForDeploymentPostprocessing = 0;
		};
/* End PBXFrameworksBuildPhase section */

/* Begin PBXGroup section */
		273C9ADF1EC9C61400BEF14C = {
			isa = PBXGroup;
			children = (
				273C9AEA1EC9C61400BEF14C /* SearchGithubUserInfo */,
				273C9AE91EC9C61400BEF14C /* Products */,
			);
			sourceTree = "<group>";
		};
		273C9AE91EC9C61400BEF14C /* Products */ = {
			isa = PBXGroup;
			children = (
				273C9AE81EC9C61400BEF14C /* SearchGithubUserInfo.app */,
			);
			name = Products;
			sourceTree = "<group>";
		};
		273C9AEA1EC9C61400BEF14C /* SearchGithubUserInfo */ = {
			isa = PBXGroup;
			children = (
				273C9AEB1EC9C61400BEF14C /* AppDelegate.swift */,
				273C9AED1EC9C61400BEF14C /* ViewController.swift */,
				273C9AEF1EC9C61400BEF14C /* Main.storyboard */,
				273C9AF21EC9C61400BEF14C /* Assets.xcassets */,
				273C9AF41EC9C61400BEF14C /* LaunchScreen.storyboard */,
				273C9AF71EC9C61400BEF14C /* Info.plist */,
			);
			path = SearchGithubUserInfo;
			sourceTree = "<group>";
		};
/* End PBXGroup section */

/* Begin PBXNativeTarget section */
		273C9AE71EC9C61400BEF14C /* SearchGithubUserInfo */ = {
			isa = PBXNativeTarget;
			buildConfigurationList = 273C9AFA1EC9C61400BEF14C /* Build configuration list for PBXNativeTarget "SearchGithubUserInfo" */;
			buildPhases = (
				273C9AE41EC9C61400BEF14C /* Sources */,
				273C9AE51EC9C61400BEF14C /* Frameworks */,
				273C9AE61EC9C61400BEF14C /* Resources */,
			);
			buildRules = (
			);
			dependencies = (
			);
			name = SearchGithubUserInfo;
			productName = SearchGithubUserInfo;
			productReference = 273C9AE81EC9C61400BEF14C /* SearchGithubUserInfo.app */;
			productType = "com.apple.product-type.application";
		};
/* End PBXNativeTarget section */

/* Begin PBXProject section */
		273C9AE01EC9C61400BEF14C /* Project object */ = {
			isa = PBXProject;
			attributes = {
				LastSwiftUpdateCheck = 0820;
				LastUpgradeCheck = 0820;
				ORGANIZATIONNAME = menhao;
				TargetAttributes = {
					273C9AE71EC9C61400BEF14C = {
						CreatedOnToolsVersion = 8.2;
						ProvisioningStyle = Automatic;
					};
				};
			};
			buildConfigurationList = 273C9AE31EC9C61400BEF14C /* Build configuration list for PBXProject "SearchGithubUserInfo" */;
			compatibilityVersion = "Xcode 3.2";
			developmentRegion = English;
			hasScannedForEncodings = 0;
			knownRegions = (
				en,
				Base,
			);
			mainGroup = 273C9ADF1EC9C61400BEF14C;
			productRefGroup = 273C9AE91EC9C61400BEF14C /* Products */;
			projectDirPath = "";
			projectRoot = "";
			targets = (
				273C9AE71EC9C61400BEF14C /* SearchGithubUserInfo */,
			);
		};
/* End PBXProject section */

/* Begin PBXResourcesBuildPhase section */
		273C9AE61EC9C61400BEF14C /* Resources */ = {
			isa = PBXResourcesBuildPhase;
			buildActionMask = 2147483647;
			files = (
				273C9AF61EC9C61400BEF14C /* LaunchScreen.storyboard in Resources */,
				273C9AF31EC9C61400BEF14C /* Assets.xcassets in Resources */,
				273C9AF11EC9C61400BEF14C /* Main.storyboard in Resources */,
			);
			runOnlyForDeploymentPostprocessing = 0;
		};
/* End PBXResourcesBuildPhase section */

/* Begin PBXSourcesBuildPhase section */
		273C9AE41EC9C61400BEF14C /* Sources */ = {
			isa = PBXSourcesBuildPhase;
			buildActionMask = 2147483647;
			files = (
				273C9AEE1EC9C61400BEF14C /* ViewController.swift in Sources */,
				273C9AEC1EC9C61400BEF14C /* AppDelegate.swift in Sources */,
			);
			runOnlyForDeploymentPostprocessing = 0;
		};
/* End PBXSourcesBuildPhase section */

/* Begin PBXVariantGroup section */
		273C9AEF1EC9C61400BEF14C /* Main.storyboard */ = {
			isa = PBXVariantGroup;
			children = (
				273C9AF01EC9C61400BEF14C /* Base */,
			);
			name = Main.storyboard;
			sourceTree = "<group>";
		};
		273C9AF41EC9C61400BEF14C /* LaunchScreen.storyboard */ = {
			isa = PBXVariantGroup;
			children = (
				273C9AF51EC9C61400BEF14C /* Base */,
			);
			name = LaunchScreen.storyboard;
			sourceTree = "<group>";
		};
/* End PBXVariantGroup section */

/* Begin XCBuildConfiguration section */
		273C9AF81EC9C61400BEF14C /* Debug */ = {
			isa = XCBuildConfiguration;
			buildSettings = {
				ALWAYS_SEARCH_USER_PATHS = NO;
				CLANG_ANALYZER_NONNULL = YES;
				CLANG_CXX_LANGUAGE_STANDARD = "gnu++0x";
				CLANG_CXX_LIBRARY = "libc++";
				CLANG_ENABLE_MODULES = YES;
				CLANG_ENABLE_OBJC_ARC = YES;
				CLANG_WARN_BOOL_CONVERSION = YES;
				CLANG_WARN_CONSTANT_CONVERSION = YES;
				CLANG_WARN_DIRECT_OBJC_ISA_USAGE = YES_ERROR;
				CLANG_WARN_DOCUMENTATION_COMMENTS = YES;
				CLANG_WARN_EMPTY_BODY = YES;
				CLANG_WARN_ENUM_CONVERSION = YES;
				CLANG_WARN_INFINITE_RECURSION = YES;
				CLANG_WARN_INT_CONVERSION = YES;
				CLANG_WARN_OBJC_ROOT_CLASS = YES_ERROR;
				CLANG_WARN_SUSPICIOUS_MOVE = YES;
				CLANG_WARN_UNREACHABLE_CODE = YES;
				CLANG_WARN__DUPLICATE_METHOD_MATCH = YES;
				"CODE_SIGN_IDENTITY[sdk=iphoneos*]" = "iPhone Developer";
				COPY_PHASE_STRIP = NO;
				DEBUG_INFORMATION_FORMAT = dwarf;
				ENABLE_STRICT_OBJC_MSGSEND = YES;
				ENABLE_TESTABILITY = YES;
				GCC_C_LANGUAGE_STANDARD = gnu99;
				GCC_DYNAMIC_NO_PIC = NO;
				GCC_NO_COMMON_BLOCKS = YES;
				GCC_OPTIMIZATION_LEVEL = 0;
				GCC_PREPROCESSOR_DEFINITIONS = (
					"DEBUG=1",
					"$(inherited)",
				);
				GCC_WARN_64_TO_32_BIT_CONVERSION = YES;
				GCC_WARN_ABOUT_RETURN_TYPE = YES_ERROR;
				GCC_WARN_UNDECLARED_SELECTOR = YES;
				GCC_WARN_UNINITIALIZED_AUTOS = YES_AGGRESSIVE;
				GCC_WARN_UNUSED_FUNCTION = YES;
				GCC_WARN_UNUSED_VARIABLE = YES;
				IPHONEOS_DEPLOYMENT_TARGET = 10.2;
				MTL_ENABLE_DEBUG_INFO = YES;
				ONLY_ACTIVE_ARCH = YES;
				SDKROOT = iphoneos;
				SWIFT_ACTIVE_COMPILATION_CONDITIONS = DEBUG;
				SWIFT_OPTIMIZATION_LEVEL = "-Onone";
				TARGETED_DEVICE_FAMILY = "1,2";
			};
			name = Debug;
		};
		273C9AF91EC9C61400BEF14C /* Release */ = {
			isa = XCBuildConfiguration;
			buildSettings = {
				ALWAYS_SEARCH_USER_PATHS = NO;
				CLANG_ANALYZER_NONNULL = YES;
				CLANG_CXX_LANGUAGE_STANDARD = "gnu++0x";
				CLANG_CXX_LIBRARY = "libc++";
				CLANG_ENABLE_MODULES = YES;
				CLANG_ENABLE_OBJC_ARC = YES;
				CLANG_WARN_BOOL_CONVERSION = YES;
				CLANG_WARN_CONSTANT_CONVERSION = YES;
				CLANG_WARN_DIRECT_OBJC_ISA_USAGE = YES_ERROR;
				CLANG_WARN_DOCUMENTATION_COMMENTS = YES;
				CLANG_WARN_EMPTY_BODY = YES;
				CLANG_WARN_ENUM_CONVERSION = YES;
				CLANG_WARN_INFINITE_RECURSION = YES;
				CLANG_WARN_INT_CONVERSION = YES;
				CLANG_WARN_OBJC_ROOT_CLASS = YES_ERROR;
				CLANG_WARN_SUSPICIOUS_MOVE = YES;
				CLANG_WARN_UNREACHABLE_CODE = YES;
				CLANG_WARN__DUPLICATE_METHOD_MATCH = YES;
				"CODE_SIGN_IDENTITY[sdk=iphoneos*]" = "iPhone Developer";
				COPY_PHASE_STRIP = NO;
				DEBUG_INFORMATION_FORMAT = "dwarf-with-dsym";
				ENABLE_NS_ASSERTIONS = NO;
				ENABLE_STRICT_OBJC_MSGSEND = YES;
				GCC_C_LANGUAGE_STANDARD = gnu99;
				GCC_NO_COMMON_BLOCKS = YES;
				GCC_WARN_64_TO_32_BIT_CONVERSION = YES;
				GCC_WARN_ABOUT_RETURN_TYPE = YES_ERROR;
				GCC_WARN_UNDECLARED_SELECTOR = YES;
				GCC_WARN_UNINITIALIZED_AUTOS = YES_AGGRESSIVE;
				GCC_WARN_UNUSED_FUNCTION = YES;
				GCC_WARN_UNUSED_VARIABLE = YES;
				IPHONEOS_DEPLOYMENT_TARGET = 10.2;
				MTL_ENABLE_DEBUG_INFO = NO;
				SDKROOT = iphoneos;
				SWIFT_OPTIMIZATION_LEVEL = "-Owholemodule";
				TARGETED_DEVICE_FAMILY = "1,2";
				VALIDATE_PRODUCT = YES;
			};
			name = Release;
		};
		273C9AFB1EC9C61400BEF14C /* Debug */ = {
			isa = XCBuildConfiguration;
			buildSettings = {
				ASSETCATALOG_COMPILER_APPICON_NAME = AppIcon;
				INFOPLIST_FILE = SearchGithubUserInfo/Info.plist;
				LD_RUNPATH_SEARCH_PATHS = "$(inherited) @executable_path/Frameworks";
				PRODUCT_BUNDLE_IDENTIFIER = com.menhao.www.SearchGithubUserInfo;
				PRODUCT_NAME = "$(TARGET_NAME)";
				SWIFT_VERSION = 3.0;
			};
			name = Debug;
		};
		273C9AFC1EC9C61400BEF14C /* Release */ = {
			isa = XCBuildConfiguration;
			buildSettings = {
				ASSETCATALOG_COMPILER_APPICON_NAME = AppIcon;
				INFOPLIST_FILE = SearchGithubUserInfo/Info.plist;
				LD_RUNPATH_SEARCH_PATHS = "$(inherited) @executable_path/Frameworks";
				PRODUCT_BUNDLE_IDENTIFIER = com.menhao.www.SearchGithubUserInfo;
				PRODUCT_NAME = "$(TARGET_NAME)";
				SWIFT_VERSION = 3.0;
			};
			name = Release;
		};
/* End XCBuildConfiguration section */

/* Begin XCConfigurationList section */
		273C9AE31EC9C61400BEF14C /* Build configuration list for PBXProject "SearchGithubUserInfo" */ = {
			isa = XCConfigurationList;
			buildConfigurations = (
				273C9AF81EC9C61400BEF14C /* Debug */,
				273C9AF91EC9C61400BEF14C /* Release */,
			);
			defaultConfigurationIsVisible = 0;
			defaultConfigurationName = Release;
		};
		273C9AFA1EC9C61400BEF14C /* Build configuration list for PBXNativeTarget "SearchGithubUserInfo" */ = {
			isa = XCConfigurationList;
			buildConfigurations = (
				273C9AFB1EC9C61400BEF14C /* Debug */,
				273C9AFC1EC9C61400BEF14C /* Release */,
			);
			defaultConfigurationIsVisible = 0;
		};
/* End XCConfigurationList section */
	};
	rootObject = 273C9AE01EC9C61400BEF14C /* Project object */;
}
